
Microsoft Visual Studio Solution File, Format Version 12.00
# Visual Studio 2013
VisualStudioVersion = 12.0.21005.1
MinimumVisualStudioVersion = 10.0.40219.1
Project("{FAE04EC0-301F-11D3-BF4B-00C04F79EFBC}") = "Billapong.Core", "src\Billapong.Core\Billapong.Core.csproj", "{5159BE79-DE0E-4A12-8F2B-5771302714E8}"
EndProject
Project("{FAE04EC0-301F-11D3-BF4B-00C04F79EFBC}") = "Billapong.Contract", "src\Billapong.Contract\Billapong.Contract.csproj", "{AA9FC87B-D90D-4415-8D27-448DEFC4E9F8}"
EndProject
Project("{FAE04EC0-301F-11D3-BF4B-00C04F79EFBC}") = "Billapong.Implementation", "src\Billapong.Implementation\Billapong.Implementation.csproj", "{18F67450-C79B-4EBF-A0AD-23B3D87151F1}"
EndProject
Project("{FAE04EC0-301F-11D3-BF4B-00C04F79EFBC}") = "Billapong.ImplementationTest", "src\Billapong.ImplementationTest\Billapong.ImplementationTest.csproj", "{B202C4E9-FF39-4881-B182-A68E32CD0359}"
EndProject
Project("{FAE04EC0-301F-11D3-BF4B-00C04F79EFBC}") = "Billapong.Host", "src\Billapong.Host\Billapong.Host.csproj", "{E0348A2F-CC65-4008-852D-E9539409413A}"
EndProject
Project("{FAE04EC0-301F-11D3-BF4B-00C04F79EFBC}") = "Billapong.GameConsole", "src\Billapong.GameConsole\Billapong.GameConsole.csproj", "{9D2A3ED9-E7F8-4A4F-A34F-0B4421C70CB7}"
EndProject
Project("{FAE04EC0-301F-11D3-BF4B-00C04F79EFBC}") = "Billapong.Core.Client", "src\Billapong.Core.Client\Billapong.Core.Client.csproj", "{2998C75F-9555-4732-B440-1766F55B7543}"
EndProject
Global
	GlobalSection(SolutionConfigurationPlatforms) = preSolution
		Debug|Any CPU = Debug|Any CPU
		Release|Any CPU = Release|Any CPU
	EndGlobalSection
	GlobalSection(ProjectConfigurationPlatforms) = postSolution
		{5159BE79-DE0E-4A12-8F2B-5771302714E8}.Debug|Any CPU.ActiveCfg = Debug|Any CPU
		{5159BE79-DE0E-4A12-8F2B-5771302714E8}.Debug|Any CPU.Build.0 = Debug|Any CPU
		{5159BE79-DE0E-4A12-8F2B-5771302714E8}.Release|Any CPU.ActiveCfg = Release|Any CPU
		{5159BE79-DE0E-4A12-8F2B-5771302714E8}.Release|Any CPU.Build.0 = Release|Any CPU
		{AA9FC87B-D90D-4415-8D27-448DEFC4E9F8}.Debug|Any CPU.ActiveCfg = Debug|Any CPU
		{AA9FC87B-D90D-4415-8D27-448DEFC4E9F8}.Debug|Any CPU.Build.0 = Debug|Any CPU
		{AA9FC87B-D90D-4415-8D27-448DEFC4E9F8}.Release|Any CPU.ActiveCfg = Release|Any CPU
		{AA9FC87B-D90D-4415-8D27-448DEFC4E9F8}.Release|Any CPU.Build.0 = Release|Any CPU
		{18F67450-C79B-4EBF-A0AD-23B3D87151F1}.Debug|Any CPU.ActiveCfg = Debug|Any CPU
		{18F67450-C79B-4EBF-A0AD-23B3D87151F1}.Debug|Any CPU.Build.0 = Debug|Any CPU
		{18F67450-C79B-4EBF-A0AD-23B3D87151F1}.Release|Any CPU.ActiveCfg = Release|Any CPU
		{18F67450-C79B-4EBF-A0AD-23B3D87151F1}.Release|Any CPU.Build.0 = Release|Any CPU
		{B202C4E9-FF39-4881-B182-A68E32CD0359}.Debug|Any CPU.ActiveCfg = Debug|Any CPU
		{B202C4E9-FF39-4881-B182-A68E32CD0359}.Debug|Any CPU.Build.0 = Debug|Any CPU
		{B202C4E9-FF39-4881-B182-A68E32CD0359}.Release|Any CPU.ActiveCfg = Release|Any CPU
		{B202C4E9-FF39-4881-B182-A68E32CD0359}.Release|Any CPU.Build.0 = Release|Any CPU
		{E0348A2F-CC65-4008-852D-E9539409413A}.Debug|Any CPU.ActiveCfg = Debug|Any CPU
		{E0348A2F-CC65-4008-852D-E9539409413A}.Debug|Any CPU.Build.0 = Debug|Any CPU
		{E0348A2F-CC65-4008-852D-E9539409413A}.Release|Any CPU.ActiveCfg = Release|Any CPU
		{E0348A2F-CC65-4008-852D-E9539409413A}.Release|Any CPU.Build.0 = Release|Any CPU
		{9D2A3ED9-E7F8-4A4F-A34F-0B4421C70CB7}.Debug|Any CPU.ActiveCfg = Debug|Any CPU
		{9D2A3ED9-E7F8-4A4F-A34F-0B4421C70CB7}.Debug|Any CPU.Build.0 = Debug|Any CPU
		{9D2A3ED9-E7F8-4A4F-A34F-0B4421C70CB7}.Release|Any CPU.ActiveCfg = Release|Any CPU
		{9D2A3ED9-E7F8-4A4F-A34F-0B4421C70CB7}.Release|Any CPU.Build.0 = Release|Any CPU
		{2998C75F-9555-4732-B440-1766F55B7543}.Debug|Any CPU.ActiveCfg = Debug|Any CPU
		{2998C75F-9555-4732-B440-1766F55B7543}.Debug|Any CPU.Build.0 = Debug|Any CPU
		{2998C75F-9555-4732-B440-1766F55B7543}.Release|Any CPU.ActiveCfg = Release|Any CPU
		{2998C75F-9555-4732-B440-1766F55B7543}.Release|Any CPU.Build.0 = Release|Any CPU
	EndGlobalSection
	GlobalSection(SolutionProperties) = preSolution
		HideSolutionNode = FALSE
	EndGlobalSection
EndGlobal
